Microsoft Visual Studio Solution File, Format Version 12.00
# Visual Studio 15
VisualStudioVersion = 15.0.26114.2
MinimumVisualStudioVersion = 10.0.40219.1
Project("{9A19103F-16F7-4668-BE54-9A1E7A4F7556}") = "Antlr4.Runtime.dotnet", "Antlr4.Runtime\Antlr4.Runtime.dotnet.csproj", "{0F9F8436-A767-4407-8E81-F9C6270E2B5A}"
EndProject
Global
	GlobalSection(SolutionConfigurationPlatforms) = preSolution
		Debug|Any CPU = Debug|Any CPU
		Debug|x64 = Debug|x64
		Debug|x86 = Debug|x86
		Release|Any CPU = Release|Any CPU
		Release|x64 = Release|x64
		Release|x86 = Release|x86
	EndGlobalSection
	GlobalSection(ProjectConfigurationPlatforms) = postSolution
		{0F9F8436-A767-4407-8E81-F9C6270E2B5A}.Debug|Any CPU.ActiveCfg = Debug|Any CPU
		{0F9F8436-A767-4407-8E81-F9C6270E2B5A}.Debug|Any CPU.Build.0 = Debug|Any CPU
		{0F9F8436-A767-4407-8E81-F9C6270E2B5A}.Debug|x64.ActiveCfg = Debug|Any CPU
		{0F9F8436-A767-4407-8E81-F9C6270E2B5A}.Debug|x64.Build.0 = Debug|Any CPU
		{0F9F8436-A767-4407-8E81-F9C6270E2B5A}.Debug|x86.ActiveCfg = Debug|Any CPU
		{0F9F8436-A767-4407-8E81-F9C6270E2B5A}.Debug|x86.Build.0 = Debug|Any CPU
		{0F9F8436-A767-4407-8E81-F9C6270E2B5A}.Release|Any CPU.ActiveCfg = Release|Any CPU
		{0F9F8436-A767-4407-8E81-F9C6270E2B5A}.Release|Any CPU.Build.0 = Release|Any CPU
		{0F9F8436-A767-4407-8E81-F9C6270E2B5A}.Release|x64.ActiveCfg = Release|Any CPU
		{0F9F8436-A767-4407-8E81-F9C6270E2B5A}.Release|x64.Build.0 = Release|Any CPU
		{0F9F8436-A767-4407-8E81-F9C6270E2B5A}.Release|x86.ActiveCfg = Release|Any CPU
		{0F9F8436-A767-4407-8E81-F9C6270E2B5A}.Release|x86.Build.0 = Release|Any CPU
	EndGlobalSection
	GlobalSection(SolutionProperties) = preSolution
		HideSolutionNode = FALSE
	EndGlobalSection
	GlobalSection(ExtensibilityGlobals) = postSolution
		SolutionGuid = {39D6AF85-6E90-4091-BCF9-C7E454D45387}
	EndGlobalSection
EndGlobal
