
Microsoft Visual Studio Solution File, Format Version 12.00
# Visual Studio 14
VisualStudioVersion = 14.0.25420.1
MinimumVisualStudioVersion = 10.0.40219.1
Project("{FAE04EC0-301F-11D3-BF4B-00C04F79EFBC}") = "Antlr4.Runtime.vs2013", "Antlr4.Runtime\Antlr4.Runtime.vs2013.csproj", "{E1A46D9D-66CB-46E8-93B0-7FC87299ABEF}"
EndProject
Project("{8BB2217D-0F2D-49D1-97BC-3654ED321F3B}") = "Antlr4.Runtime.DotNetCore", "Antlr4.Runtime\Antlr4.Runtime.DotNetCore.xproj", "{12962409-846E-4B80-933A-BC484D264132}"
EndProject
Global
	GlobalSection(SolutionConfigurationPlatforms) = preSolution
		Debug|Any CPU = Debug|Any CPU
		Release|Any CPU = Release|Any CPU
	EndGlobalSection
	GlobalSection(ProjectConfigurationPlatforms) = postSolution
		{E1A46D9D-66CB-46E8-93B0-7FC87299ABEF}.Debug|Any CPU.ActiveCfg = Debug|Any CPU
		{E1A46D9D-66CB-46E8-93B0-7FC87299ABEF}.Debug|Any CPU.Build.0 = Debug|Any CPU
		{E1A46D9D-66CB-46E8-93B0-7FC87299ABEF}.Release|Any CPU.ActiveCfg = Release|Any CPU
		{E1A46D9D-66CB-46E8-93B0-7FC87299ABEF}.Release|Any CPU.Build.0 = Release|Any CPU
		{12962409-846E-4B80-933A-BC484D264132}.Debug|Any CPU.ActiveCfg = Debug|Any CPU
		{12962409-846E-4B80-933A-BC484D264132}.Debug|Any CPU.Build.0 = Debug|Any CPU
		{12962409-846E-4B80-933A-BC484D264132}.Release|Any CPU.ActiveCfg = Release|Any CPU
		{12962409-846E-4B80-933A-BC484D264132}.Release|Any CPU.Build.0 = Release|Any CPU
	EndGlobalSection
	GlobalSection(SolutionProperties) = preSolution
		HideSolutionNode = FALSE
	EndGlobalSection
EndGlobal
