
Microsoft Visual Studio Solution File, Format Version 12.00
# Visual Studio 14
VisualStudioVersion = 14.0.25420.1
MinimumVisualStudioVersion = 10.0.40219.1
Project("{2150E333-8FDC-42A3-9474-1A3956D46DE8}") = "Solution Items", "Solution Items", "{47C0086D-577C-43DA-ADC7-544F27656E45}"
EndProject
Project("{FAE04EC0-301F-11D3-BF4B-00C04F79EFBC}") = "Antlr4.Runtime.vs2015", "Antlr4.Runtime\Antlr4.Runtime.vs2015.csproj", "{4390B2F4-00D1-4F76-9F92-AA138F63AB48}"
EndProject
Global
	GlobalSection(SolutionConfigurationPlatforms) = preSolution
		Debug|Any CPU = Debug|Any CPU
		Release|Any CPU = Release|Any CPU
	EndGlobalSection
	GlobalSection(ProjectConfigurationPlatforms) = postSolution
		{4390B2F4-00D1-4F76-9F92-AA138F63AB48}.Debug|Any CPU.ActiveCfg = Debug|Any CPU
		{4390B2F4-00D1-4F76-9F92-AA138F63AB48}.Debug|Any CPU.Build.0 = Debug|Any CPU
		{4390B2F4-00D1-4F76-9F92-AA138F63AB48}.Release|Any CPU.ActiveCfg = Release|Any CPU
		{4390B2F4-00D1-4F76-9F92-AA138F63AB48}.Release|Any CPU.Build.0 = Release|Any CPU
	EndGlobalSection
	GlobalSection(SolutionProperties) = preSolution
		HideSolutionNode = FALSE
	EndGlobalSection
EndGlobal
