
Microsoft Visual Studio Solution File, Format Version 12.00
# Visual Studio 15
VisualStudioVersion = 15.0.26114.2
MinimumVisualStudioVersion = 10.0.40219.1
Project("{FAE04EC0-301F-11D3-BF4B-00C04F79EFBC}") = "Antlr4.Runtime", "Antlr4.Runtime\Antlr4.Runtime.csproj", "{A90A2A23-E922-407F-BDB8-C88E6CA1AE4F}"
EndProject
Global
	GlobalSection(SolutionConfigurationPlatforms) = preSolution
		Debug|Any CPU = Debug|Any CPU
		Release|Any CPU = Release|Any CPU
		Debug|x64 = Debug|x64
		Debug|x86 = Debug|x86
		Release|x64 = Release|x64
		Release|x86 = Release|x86
	EndGlobalSection
	GlobalSection(ProjectConfigurationPlatforms) = postSolution
		{A90A2A23-E922-407F-BDB8-C88E6CA1AE4F}.Debug|Any CPU.ActiveCfg = Debug|Any CPU
		{A90A2A23-E922-407F-BDB8-C88E6CA1AE4F}.Debug|Any CPU.Build.0 = Debug|Any CPU
		{A90A2A23-E922-407F-BDB8-C88E6CA1AE4F}.Release|Any CPU.ActiveCfg = Release|Any CPU
		{A90A2A23-E922-407F-BDB8-C88E6CA1AE4F}.Release|Any CPU.Build.0 = Release|Any CPU
		{A90A2A23-E922-407F-BDB8-C88E6CA1AE4F}.Debug|x64.ActiveCfg = Debug|Any CPU
		{A90A2A23-E922-407F-BDB8-C88E6CA1AE4F}.Debug|x64.Build.0 = Debug|Any CPU
		{A90A2A23-E922-407F-BDB8-C88E6CA1AE4F}.Debug|x86.ActiveCfg = Debug|Any CPU
		{A90A2A23-E922-407F-BDB8-C88E6CA1AE4F}.Debug|x86.Build.0 = Debug|Any CPU
		{A90A2A23-E922-407F-BDB8-C88E6CA1AE4F}.Release|x64.ActiveCfg = Release|Any CPU
		{A90A2A23-E922-407F-BDB8-C88E6CA1AE4F}.Release|x64.Build.0 = Release|Any CPU
		{A90A2A23-E922-407F-BDB8-C88E6CA1AE4F}.Release|x86.ActiveCfg = Release|Any CPU
		{A90A2A23-E922-407F-BDB8-C88E6CA1AE4F}.Release|x86.Build.0 = Release|Any CPU
	EndGlobalSection
	GlobalSection(SolutionProperties) = preSolution
		HideSolutionNode = FALSE
	EndGlobalSection
EndGlobal
