
Microsoft Visual Studio Solution File, Format Version 12.00
# Visual Studio 2013
VisualStudioVersion = 12.0.31101.0
MinimumVisualStudioVersion = 10.0.40219.1
Project("{2150E333-8FDC-42A3-9474-1A3956D46DE8}") = "Solution Items", "Solution Items", "{47C0086D-577C-43DA-ADC7-544F27656E45}"
EndProject
Project("{FAE04EC0-301F-11D3-BF4B-00C04F79EFBC}") = "Antlr4.Runtime.vs2013", "Antlr4.Runtime\Antlr4.Runtime.vs2013.csproj", "{E1A46D9D-66CB-46E8-93B0-7FC87299ABEF}"
EndProject
Global
	GlobalSection(SolutionConfigurationPlatforms) = preSolution
		Debug|Any CPU = Debug|Any CPU
		Release|Any CPU = Release|Any CPU
	EndGlobalSection
	GlobalSection(ProjectConfigurationPlatforms) = postSolution
		{E1A46D9D-66CB-46E8-93B0-7FC87299ABEF}.Debug|Any CPU.ActiveCfg = Debug|Any CPU
		{E1A46D9D-66CB-46E8-93B0-7FC87299ABEF}.Debug|Any CPU.Build.0 = Debug|Any CPU
		{E1A46D9D-66CB-46E8-93B0-7FC87299ABEF}.Release|Any CPU.ActiveCfg = Release|Any CPU
		{E1A46D9D-66CB-46E8-93B0-7FC87299ABEF}.Release|Any CPU.Build.0 = Release|Any CPU
	EndGlobalSection
	GlobalSection(SolutionProperties) = preSolution
		HideSolutionNode = FALSE
	EndGlobalSection
EndGlobal
