<?xml version="1.0" encoding="utf-8"?>
<Project ToolsVersion="4.0" xmlns="http://schemas.microsoft.com/developer/msbuild/2003">
  <ItemGroup>
    <Filter Include="Source Files">
      <UniqueIdentifier>{4FC737F1-C7A5-4376-A066-2A32D752A2FF}</UniqueIdentifier>
      <Extensions>cpp;c;cc;cxx;def;odl;idl;hpj;bat;asm;asmx</Extensions>
    </Filter>
    <Filter Include="Header Files">
      <UniqueIdentifier>{93995380-89BD-4b04-88EB-625FBE52EBFB}</UniqueIdentifier>
      <Extensions>h;hpp;hxx;hm;inl;inc;xsd</Extensions>
    </Filter>
    <Filter Include="Resource Files">
      <UniqueIdentifier>{67DA6AB6-F800-4c08-8B7A-83BB121AAD01}</UniqueIdentifier>
      <Extensions>rc;ico;cur;bmp;dlg;rc2;rct;bin;rgs;gif;jpg;jpeg;jpe;resx;tiff;tif;png;wav;mfcribbon-ms</Extensions>
    </Filter>
  </ItemGroup>
  <ItemGroup>
    <ClCompile Include="..\org\antlr\v4\runtime\ANTLRErrorListener.cpp">
      <Filter>Source Files</Filter>
    </ClCompile>
    <ClCompile Include="..\org\antlr\v4\runtime\ANTLRErrorStrategy.cpp">
      <Filter>Source Files</Filter>
    </ClCompile>
    <ClCompile Include="..\org\antlr\v4\runtime\ANTLRFileStream.cpp">
      <Filter>Source Files</Filter>
    </ClCompile>
    <ClCompile Include="..\org\antlr\v4\runtime\ANTLRInputStream.cpp">
      <Filter>Source Files</Filter>
    </ClCompile>
    <ClCompile Include="..\org\antlr\v4\runtime\BailErrorStrategy.cpp">
      <Filter>Source Files</Filter>
    </ClCompile>
    <ClCompile Include="..\org\antlr\v4\runtime\BaseErrorListener.cpp">
      <Filter>Source Files</Filter>
    </ClCompile>
    <ClCompile Include="..\org\antlr\v4\runtime\BufferedTokenStream.cpp">
      <Filter>Source Files</Filter>
    </ClCompile>
    <ClCompile Include="..\org\antlr\v4\runtime\CharStream.cpp">
      <Filter>Source Files</Filter>
    </ClCompile>
    <ClCompile Include="..\org\antlr\v4\runtime\CommonToken.cpp">
      <Filter>Source Files</Filter>
    </ClCompile>
    <ClCompile Include="..\org\antlr\v4\runtime\CommonTokenFactory.cpp">
      <Filter>Source Files</Filter>
    </ClCompile>
    <ClCompile Include="..\org\antlr\v4\runtime\CommonTokenStream.cpp">
      <Filter>Source Files</Filter>
    </ClCompile>
    <ClCompile Include="..\org\antlr\v4\runtime\ConsoleErrorListener.cpp">
      <Filter>Source Files</Filter>
    </ClCompile>
    <ClCompile Include="..\org\antlr\v4\runtime\DefaultErrorStrategy.cpp">
      <Filter>Source Files</Filter>
    </ClCompile>
    <ClCompile Include="..\org\antlr\v4\runtime\DiagnosticErrorListener.cpp">
      <Filter>Source Files</Filter>
    </ClCompile>
    <ClCompile Include="..\org\antlr\v4\runtime\Exceptions.cpp">
      <Filter>Source Files</Filter>
    </ClCompile>
    <ClCompile Include="..\org\antlr\v4\runtime\FailedPredicateException.cpp">
      <Filter>Source Files</Filter>
    </ClCompile>
    <ClCompile Include="..\org\antlr\v4\runtime\InputMismatchException.cpp">
      <Filter>Source Files</Filter>
    </ClCompile>
    <ClCompile Include="..\org\antlr\v4\runtime\InterpreterRuleContext.cpp">
      <Filter>Source Files</Filter>
    </ClCompile>
    <ClCompile Include="..\org\antlr\v4\runtime\IntStream.cpp">
      <Filter>Source Files</Filter>
    </ClCompile>
    <ClCompile Include="..\org\antlr\v4\runtime\Lexer.cpp">
      <Filter>Source Files</Filter>
    </ClCompile>
    <ClCompile Include="..\org\antlr\v4\runtime\LexerInterpreter.cpp">
      <Filter>Source Files</Filter>
    </ClCompile>
    <ClCompile Include="..\org\antlr\v4\runtime\LexerNoViableAltException.cpp">
      <Filter>Source Files</Filter>
    </ClCompile>
    <ClCompile Include="..\org\antlr\v4\runtime\ListTokenSource.cpp">
      <Filter>Source Files</Filter>
    </ClCompile>
    <ClCompile Include="..\org\antlr\v4\runtime\NoViableAltException.cpp">
      <Filter>Source Files</Filter>
    </ClCompile>
    <ClCompile Include="..\org\antlr\v4\runtime\Parser.cpp">
      <Filter>Source Files</Filter>
    </ClCompile>
    <ClCompile Include="..\org\antlr\v4\runtime\ParserInterpreter.cpp">
      <Filter>Source Files</Filter>
    </ClCompile>
    <ClCompile Include="..\org\antlr\v4\runtime\ParserRuleContext.cpp">
      <Filter>Source Files</Filter>
    </ClCompile>
    <ClCompile Include="..\org\antlr\v4\runtime\ProxyErrorListener.cpp">
      <Filter>Source Files</Filter>
    </ClCompile>
    <ClCompile Include="..\org\antlr\v4\runtime\RecognitionException.cpp">
      <Filter>Source Files</Filter>
    </ClCompile>
    <ClCompile Include="..\org\antlr\v4\runtime\RuleContext.cpp">
      <Filter>Source Files</Filter>
    </ClCompile>
    <ClCompile Include="..\org\antlr\v4\runtime\Token.cpp">
      <Filter>Source Files</Filter>
    </ClCompile>
    <ClCompile Include="..\org\antlr\v4\runtime\TokenFactory.cpp">
      <Filter>Source Files</Filter>
    </ClCompile>
    <ClCompile Include="..\org\antlr\v4\runtime\TokenSource.cpp">
      <Filter>Source Files</Filter>
    </ClCompile>
    <ClCompile Include="..\org\antlr\v4\runtime\TokenStream.cpp">
      <Filter>Source Files</Filter>
    </ClCompile>
    <ClCompile Include="..\org\antlr\v4\runtime\TokenStreamRewriter.cpp">
      <Filter>Source Files</Filter>
    </ClCompile>
    <ClCompile Include="..\org\antlr\v4\runtime\UnbufferedCharStream.cpp">
      <Filter>Source Files</Filter>
    </ClCompile>
    <ClCompile Include="..\org\antlr\v4\runtime\WritableToken.cpp">
      <Filter>Source Files</Filter>
    </ClCompile>
    <ClCompile Include="..\org\antlr\v4\runtime\atn\AbstractPredicateTransition.cpp">
      <Filter>Source Files</Filter>
    </ClCompile>
    <ClCompile Include="..\org\antlr\v4\runtime\atn\ActionTransition.cpp">
      <Filter>Source Files</Filter>
    </ClCompile>
    <ClCompile Include="..\org\antlr\v4\runtime\atn\ArrayPredictionContext.cpp">
      <Filter>Source Files</Filter>
    </ClCompile>
    <ClCompile Include="..\org\antlr\v4\runtime\atn\ATN.cpp">
      <Filter>Source Files</Filter>
    </ClCompile>
    <ClCompile Include="..\org\antlr\v4\runtime\atn\ATNConfig.cpp">
      <Filter>Source Files</Filter>
    </ClCompile>
    <ClCompile Include="..\org\antlr\v4\runtime\atn\ATNConfigSet.cpp">
      <Filter>Source Files</Filter>
    </ClCompile>
    <ClCompile Include="..\org\antlr\v4\runtime\atn\ATNDeserializationOptions.cpp">
      <Filter>Source Files</Filter>
    </ClCompile>
    <ClCompile Include="..\org\antlr\v4\runtime\atn\ATNDeserializer.cpp">
      <Filter>Source Files</Filter>
    </ClCompile>
    <ClCompile Include="..\org\antlr\v4\runtime\atn\ATNSerializer.cpp">
      <Filter>Source Files</Filter>
    </ClCompile>
    <ClCompile Include="..\org\antlr\v4\runtime\atn\ATNSimulator.cpp">
      <Filter>Source Files</Filter>
    </ClCompile>
    <ClCompile Include="..\org\antlr\v4\runtime\atn\ATNState.cpp">
      <Filter>Source Files</Filter>
    </ClCompile>
    <ClCompile Include="..\org\antlr\v4\runtime\atn\ATNType.cpp">
      <Filter>Source Files</Filter>
    </ClCompile>
    <ClCompile Include="..\org\antlr\v4\runtime\atn\AtomTransition.cpp">
      <Filter>Source Files</Filter>
    </ClCompile>
    <ClCompile Include="..\org\antlr\v4\runtime\atn\BasicBlockStartState.cpp">
      <Filter>Source Files</Filter>
    </ClCompile>
    <ClCompile Include="..\org\antlr\v4\runtime\atn\BasicState.cpp">
      <Filter>Source Files</Filter>
    </ClCompile>
    <ClCompile Include="..\org\antlr\v4\runtime\atn\BlockEndState.cpp">
      <Filter>Source Files</Filter>
    </ClCompile>
    <ClCompile Include="..\org\antlr\v4\runtime\atn\BlockStartState.cpp">
      <Filter>Source Files</Filter>
    </ClCompile>
    <ClCompile Include="..\org\antlr\v4\runtime\atn\DecisionState.cpp">
      <Filter>Source Files</Filter>
    </ClCompile>
    <ClCompile Include="..\org\antlr\v4\runtime\atn\EmptyPredictionContext.cpp">
      <Filter>Source Files</Filter>
    </ClCompile>
    <ClCompile Include="..\org\antlr\v4\runtime\atn\EpsilonTransition.cpp">
      <Filter>Source Files</Filter>
    </ClCompile>
    <ClCompile Include="..\org\antlr\v4\runtime\atn\LexerATNConfig.cpp">
      <Filter>Source Files</Filter>
    </ClCompile>
    <ClCompile Include="..\org\antlr\v4\runtime\atn\LexerATNSimulator.cpp">
      <Filter>Source Files</Filter>
    </ClCompile>
    <ClCompile Include="..\org\antlr\v4\runtime\atn\LL1Analyzer.cpp">
      <Filter>Source Files</Filter>
    </ClCompile>
    <ClCompile Include="..\org\antlr\v4\runtime\atn\LoopEndState.cpp">
      <Filter>Source Files</Filter>
    </ClCompile>
    <ClCompile Include="..\org\antlr\v4\runtime\atn\NotSetTransition.cpp">
      <Filter>Source Files</Filter>
    </ClCompile>
    <ClCompile Include="..\org\antlr\v4\runtime\atn\OrderedATNConfigSet.cpp">
      <Filter>Source Files</Filter>
    </ClCompile>
    <ClCompile Include="..\org\antlr\v4\runtime\atn\ParserATNSimulator.cpp">
      <Filter>Source Files</Filter>
    </ClCompile>
    <ClCompile Include="..\org\antlr\v4\runtime\atn\PlusBlockStartState.cpp">
      <Filter>Source Files</Filter>
    </ClCompile>
    <ClCompile Include="..\org\antlr\v4\runtime\atn\PlusLoopbackState.cpp">
      <Filter>Source Files</Filter>
    </ClCompile>
    <ClCompile Include="..\org\antlr\v4\runtime\atn\PrecedencePredicateTransition.cpp">
      <Filter>Source Files</Filter>
    </ClCompile>
    <ClCompile Include="..\org\antlr\v4\runtime\atn\PredicateTransition.cpp">
      <Filter>Source Files</Filter>
    </ClCompile>
    <ClCompile Include="..\org\antlr\v4\runtime\atn\PredictionContext.cpp">
      <Filter>Source Files</Filter>
    </ClCompile>
    <ClCompile Include="..\org\antlr\v4\runtime\atn\PredictionContextCache.cpp">
      <Filter>Source Files</Filter>
    </ClCompile>
    <ClCompile Include="..\org\antlr\v4\runtime\atn\PredictionMode.cpp">
      <Filter>Source Files</Filter>
    </ClCompile>
    <ClCompile Include="..\org\antlr\v4\runtime\atn\RangeTransition.cpp">
      <Filter>Source Files</Filter>
    </ClCompile>
    <ClCompile Include="..\org\antlr\v4\runtime\atn\RuleStartState.cpp">
      <Filter>Source Files</Filter>
    </ClCompile>
    <ClCompile Include="..\org\antlr\v4\runtime\atn\RuleStopState.cpp">
      <Filter>Source Files</Filter>
    </ClCompile>
    <ClCompile Include="..\org\antlr\v4\runtime\atn\RuleTransition.cpp">
      <Filter>Source Files</Filter>
    </ClCompile>
    <ClCompile Include="..\org\antlr\v4\runtime\atn\SemanticContext.cpp">
      <Filter>Source Files</Filter>
    </ClCompile>
    <ClCompile Include="..\org\antlr\v4\runtime\atn\SetTransition.cpp">
      <Filter>Source Files</Filter>
    </ClCompile>
    <ClCompile Include="..\org\antlr\v4\runtime\atn\SingletonPredictionContext.cpp">
      <Filter>Source Files</Filter>
    </ClCompile>
    <ClCompile Include="..\org\antlr\v4\runtime\atn\StarBlockStartState.cpp">
      <Filter>Source Files</Filter>
    </ClCompile>
    <ClCompile Include="..\org\antlr\v4\runtime\atn\StarLoopbackState.cpp">
      <Filter>Source Files</Filter>
    </ClCompile>
    <ClCompile Include="..\org\antlr\v4\runtime\atn\StarLoopEntryState.cpp">
      <Filter>Source Files</Filter>
    </ClCompile>
    <ClCompile Include="..\org\antlr\v4\runtime\atn\TokensStartState.cpp">
      <Filter>Source Files</Filter>
    </ClCompile>
    <ClCompile Include="..\org\antlr\v4\runtime\atn\Transition.cpp">
      <Filter>Source Files</Filter>
    </ClCompile>
    <ClCompile Include="..\org\antlr\v4\runtime\atn\WildcardTransition.cpp">
      <Filter>Source Files</Filter>
    </ClCompile>
    <ClCompile Include="..\org\antlr\v4\runtime\dfa\DFA.cpp">
      <Filter>Source Files</Filter>
    </ClCompile>
    <ClCompile Include="..\org\antlr\v4\runtime\dfa\DFASerializer.cpp">
      <Filter>Source Files</Filter>
    </ClCompile>
    <ClCompile Include="..\org\antlr\v4\runtime\dfa\DFAState.cpp">
      <Filter>Source Files</Filter>
    </ClCompile>
    <ClCompile Include="..\org\antlr\v4\runtime\dfa\LexerDFASerializer.cpp">
      <Filter>Source Files</Filter>
    </ClCompile>
    <ClCompile Include="..\org\antlr\v4\runtime\misc\AbstractEqualityComparator.cpp">
      <Filter>Source Files</Filter>
    </ClCompile>
    <ClCompile Include="..\org\antlr\v4\runtime\misc\EqualityComparator.cpp">
      <Filter>Source Files</Filter>
    </ClCompile>
    <ClCompile Include="..\org\antlr\v4\runtime\misc\GraphicsSupport.cpp">
      <Filter>Source Files</Filter>
    </ClCompile>
    <ClCompile Include="..\org\antlr\v4\runtime\misc\Interval.cpp">
      <Filter>Source Files</Filter>
    </ClCompile>
    <ClCompile Include="..\org\antlr\v4\runtime\misc\IntervalSet.cpp">
      <Filter>Source Files</Filter>
    </ClCompile>
    <ClCompile Include="..\org\antlr\v4\runtime\misc\IntSet.cpp">
      <Filter>Source Files</Filter>
    </ClCompile>
    <ClCompile Include="..\org\antlr\v4\runtime\misc\LogManager.cpp">
      <Filter>Source Files</Filter>
    </ClCompile>
    <ClCompile Include="..\org\antlr\v4\runtime\misc\MultiMap.cpp">
      <Filter>Source Files</Filter>
    </ClCompile>
    <ClCompile Include="..\org\antlr\v4\runtime\misc\MurmurHash.cpp">
      <Filter>Source Files</Filter>
    </ClCompile>
    <ClCompile Include="..\org\antlr\v4\runtime\misc\NotNull.cpp">
      <Filter>Source Files</Filter>
    </ClCompile>
    <ClCompile Include="..\org\antlr\v4\runtime\misc\ObjectEqualityComparator.cpp">
      <Filter>Source Files</Filter>
    </ClCompile>
    <ClCompile Include="..\org\antlr\v4\runtime\misc\OrderedHashSet.cpp">
      <Filter>Source Files</Filter>
    </ClCompile>
    <ClCompile Include="..\org\antlr\v4\runtime\misc\ParseCancellationException.cpp">
      <Filter>Source Files</Filter>
    </ClCompile>
    <ClCompile Include="..\org\antlr\v4\runtime\misc\TestRig.cpp">
      <Filter>Source Files</Filter>
    </ClCompile>
    <ClCompile Include="..\org\antlr\v4\runtime\misc\Utils.cpp">
      <Filter>Source Files</Filter>
    </ClCompile>
    <ClCompile Include="..\org\antlr\v4\runtime\tree\AbstractParseTreeVisitor.cpp">
      <Filter>Source Files</Filter>
    </ClCompile>
    <ClCompile Include="..\org\antlr\v4\runtime\tree\ErrorNode.cpp">
      <Filter>Source Files</Filter>
    </ClCompile>
    <ClCompile Include="..\org\antlr\v4\runtime\tree\ErrorNodeImpl.cpp">
      <Filter>Source Files</Filter>
    </ClCompile>
    <ClCompile Include="..\org\antlr\v4\runtime\tree\ParseTree.cpp">
      <Filter>Source Files</Filter>
    </ClCompile>
    <ClCompile Include="..\org\antlr\v4\runtime\tree\ParseTreeListener.cpp">
      <Filter>Source Files</Filter>
    </ClCompile>
    <ClCompile Include="..\org\antlr\v4\runtime\tree\ParseTreeProperty.cpp">
      <Filter>Source Files</Filter>
    </ClCompile>
    <ClCompile Include="..\org\antlr\v4\runtime\tree\ParseTreeVisitor.cpp">
      <Filter>Source Files</Filter>
    </ClCompile>
    <ClCompile Include="..\org\antlr\v4\runtime\tree\ParseTreeWalker.cpp">
      <Filter>Source Files</Filter>
    </ClCompile>
    <ClCompile Include="..\org\antlr\v4\runtime\tree\RuleNode.cpp">
      <Filter>Source Files</Filter>
    </ClCompile>
    <ClCompile Include="..\org\antlr\v4\runtime\tree\SyntaxTree.cpp">
      <Filter>Source Files</Filter>
    </ClCompile>
    <ClCompile Include="..\org\antlr\v4\runtime\tree\TerminalNode.cpp">
      <Filter>Source Files</Filter>
    </ClCompile>
    <ClCompile Include="..\org\antlr\v4\runtime\tree\TerminalNodeImpl.cpp">
      <Filter>Source Files</Filter>
    </ClCompile>
    <ClCompile Include="..\org\antlr\v4\runtime\tree\Tree.cpp">
      <Filter>Source Files</Filter>
    </ClCompile>
    <ClCompile Include="..\org\antlr\v4\runtime\tree\Trees.cpp">
      <Filter>Source Files</Filter>
    </ClCompile>
    <ClCompile Include="..\org\antlr\v4\runtime\tree\pattern\Chunk.cpp">
      <Filter>Source Files</Filter>
    </ClCompile>
    <ClCompile Include="..\org\antlr\v4\runtime\tree\pattern\ParseTreeMatch.cpp">
      <Filter>Source Files</Filter>
    </ClCompile>
    <ClCompile Include="..\org\antlr\v4\runtime\tree\pattern\ParseTreePattern.cpp">
      <Filter>Source Files</Filter>
    </ClCompile>
    <ClCompile Include="..\org\antlr\v4\runtime\tree\pattern\ParseTreePatternMatcher.cpp">
      <Filter>Source Files</Filter>
    </ClCompile>
    <ClCompile Include="..\org\antlr\v4\runtime\tree\pattern\RuleTagToken.cpp">
      <Filter>Source Files</Filter>
    </ClCompile>
    <ClCompile Include="..\org\antlr\v4\runtime\tree\pattern\TagChunk.cpp">
      <Filter>Source Files</Filter>
    </ClCompile>
    <ClCompile Include="..\org\antlr\v4\runtime\tree\pattern\TextChunk.cpp">
      <Filter>Source Files</Filter>
    </ClCompile>
    <ClCompile Include="..\org\antlr\v4\runtime\tree\pattern\TokenTagToken.cpp">
      <Filter>Source Files</Filter>
    </ClCompile>
    <ClCompile Include="..\org\antlr\v4\runtime\tree\xpath\XPath.cpp">
      <Filter>Source Files</Filter>
    </ClCompile>
    <ClCompile Include="..\org\antlr\v4\runtime\tree\xpath\XPathElement.cpp">
      <Filter>Source Files</Filter>
    </ClCompile>
    <ClCompile Include="..\org\antlr\v4\runtime\tree\xpath\XPathLexer.cpp">
      <Filter>Source Files</Filter>
    </ClCompile>
    <ClCompile Include="..\org\antlr\v4\runtime\tree\xpath\XPathLexerErrorListener.cpp">
      <Filter>Source Files</Filter>
    </ClCompile>
    <ClCompile Include="..\org\antlr\v4\runtime\tree\xpath\XPathRuleAnywhereElement.cpp">
      <Filter>Source Files</Filter>
    </ClCompile>
    <ClCompile Include="..\org\antlr\v4\runtime\tree\xpath\XPathRuleElement.cpp">
      <Filter>Source Files</Filter>
    </ClCompile>
    <ClCompile Include="..\org\antlr\v4\runtime\tree\xpath\XPathTokenAnywhereElement.cpp">
      <Filter>Source Files</Filter>
    </ClCompile>
    <ClCompile Include="..\org\antlr\v4\runtime\tree\xpath\XPathTokenElement.cpp">
      <Filter>Source Files</Filter>
    </ClCompile>
    <ClCompile Include="..\org\antlr\v4\runtime\tree\xpath\XPathWildcardAnywhereElement.cpp">
      <Filter>Source Files</Filter>
    </ClCompile>
    <ClCompile Include="..\org\antlr\v4\runtime\tree\xpath\XPathWildcardElement.cpp">
      <Filter>Source Files</Filter>
    </ClCompile>
    <ClCompile Include="..\antlrcpp\CPPUtils.cpp">
      <Filter>Source Files</Filter>
    </ClCompile>
    <ClCompile Include="..\antlrcpp\UUID.cpp">
      <Filter>Source Files</Filter>
    </ClCompile>
    <ClCompile Include="..\antlrcpp\Strings.cpp">
      <Filter>Source Files</Filter>
    </ClCompile>
    <ClCompile Include="..\antlrcpp\StringBuilder.cpp">
      <Filter>Header Files</Filter>
    </ClCompile>
    <ClCompile Include="..\antlrcpp\Arrays.cpp">
      <Filter>Source Files</Filter>
    </ClCompile>
  </ItemGroup>
  <ItemGroup>
    <ClInclude Include="..\org\antlr\v4\runtime\ANTLRErrorListener.h">
      <Filter>Header Files</Filter>
    </ClInclude>
    <ClInclude Include="..\org\antlr\v4\runtime\ANTLRErrorStrategy.h">
      <Filter>Header Files</Filter>
    </ClInclude>
    <ClInclude Include="..\org\antlr\v4\runtime\ANTLRFileStream.h">
      <Filter>Header Files</Filter>
    </ClInclude>
    <ClInclude Include="..\org\antlr\v4\runtime\ANTLRInputStream.h">
      <Filter>Header Files</Filter>
    </ClInclude>
    <ClInclude Include="..\org\antlr\v4\runtime\BailErrorStrategy.h">
      <Filter>Header Files</Filter>
    </ClInclude>
    <ClInclude Include="..\org\antlr\v4\runtime\BaseErrorListener.h">
      <Filter>Header Files</Filter>
    </ClInclude>
    <ClInclude Include="..\org\antlr\v4\runtime\BufferedTokenStream.h">
      <Filter>Header Files</Filter>
    </ClInclude>
    <ClInclude Include="..\org\antlr\v4\runtime\CharStream.h">
      <Filter>Header Files</Filter>
    </ClInclude>
    <ClInclude Include="..\org\antlr\v4\runtime\CommonToken.h">
      <Filter>Header Files</Filter>
    </ClInclude>
    <ClInclude Include="..\org\antlr\v4\runtime\CommonTokenFactory.h">
      <Filter>Header Files</Filter>
    </ClInclude>
    <ClInclude Include="..\org\antlr\v4\runtime\CommonTokenStream.h">
      <Filter>Header Files</Filter>
    </ClInclude>
    <ClInclude Include="..\org\antlr\v4\runtime\ConsoleErrorListener.h">
      <Filter>Header Files</Filter>
    </ClInclude>
    <ClInclude Include="..\org\antlr\v4\runtime\DefaultErrorStrategy.h">
      <Filter>Header Files</Filter>
    </ClInclude>
    <ClInclude Include="..\org\antlr\v4\runtime\DiagnosticErrorListener.h">
      <Filter>Header Files</Filter>
    </ClInclude>
    <ClInclude Include="..\org\antlr\v4\runtime\Exceptions.h">
      <Filter>Header Files</Filter>
    </ClInclude>
    <ClInclude Include="..\org\antlr\v4\runtime\FailedPredicateException.h">
      <Filter>Header Files</Filter>
    </ClInclude>
    <ClInclude Include="..\org\antlr\v4\runtime\InputMismatchException.h">
      <Filter>Header Files</Filter>
    </ClInclude>
    <ClInclude Include="..\org\antlr\v4\runtime\InterpreterRuleContext.h">
      <Filter>Header Files</Filter>
    </ClInclude>
    <ClInclude Include="..\org\antlr\v4\runtime\IntStream.h">
      <Filter>Header Files</Filter>
    </ClInclude>
    <ClInclude Include="..\org\antlr\v4\runtime\Lexer.h">
      <Filter>Header Files</Filter>
    </ClInclude>
    <ClInclude Include="..\org\antlr\v4\runtime\LexerInterpreter.h">
      <Filter>Header Files</Filter>
    </ClInclude>
    <ClInclude Include="..\org\antlr\v4\runtime\LexerNoViableAltException.h">
      <Filter>Header Files</Filter>
    </ClInclude>
    <ClInclude Include="..\org\antlr\v4\runtime\ListTokenSource.h">
      <Filter>Header Files</Filter>
    </ClInclude>
    <ClInclude Include="..\org\antlr\v4\runtime\NoViableAltException.h">
      <Filter>Header Files</Filter>
    </ClInclude>
    <ClInclude Include="..\org\antlr\v4\runtime\Parser.h">
      <Filter>Header Files</Filter>
    </ClInclude>
    <ClInclude Include="..\org\antlr\v4\runtime\ParserInterpreter.h">
      <Filter>Header Files</Filter>
    </ClInclude>
    <ClInclude Include="..\org\antlr\v4\runtime\ParserRuleContext.h">
      <Filter>Header Files</Filter>
    </ClInclude>
    <ClInclude Include="..\org\antlr\v4\runtime\ProxyErrorListener.h">
      <Filter>Header Files</Filter>
    </ClInclude>
    <ClInclude Include="..\org\antlr\v4\runtime\RecognitionException.h">
      <Filter>Header Files</Filter>
    </ClInclude>
    <ClInclude Include="..\org\antlr\v4\runtime\Recognizer.h">
      <Filter>Header Files</Filter>
    </ClInclude>
    <ClInclude Include="..\org\antlr\v4\runtime\RuleContext.h">
      <Filter>Header Files</Filter>
    </ClInclude>
    <ClInclude Include="..\org\antlr\v4\runtime\Token.h">
      <Filter>Header Files</Filter>
    </ClInclude>
    <ClInclude Include="..\org\antlr\v4\runtime\TokenFactory.h">
      <Filter>Header Files</Filter>
    </ClInclude>
    <ClInclude Include="..\org\antlr\v4\runtime\TokenSource.h">
      <Filter>Header Files</Filter>
    </ClInclude>
    <ClInclude Include="..\org\antlr\v4\runtime\TokenStream.h">
      <Filter>Header Files</Filter>
    </ClInclude>
    <ClInclude Include="..\org\antlr\v4\runtime\TokenStreamRewriter.h">
      <Filter>Header Files</Filter>
    </ClInclude>
    <ClInclude Include="..\org\antlr\v4\runtime\UnbufferedCharStream.h">
      <Filter>Header Files</Filter>
    </ClInclude>
    <ClInclude Include="..\org\antlr\v4\runtime\UnbufferedTokenStream.h">
      <Filter>Header Files</Filter>
    </ClInclude>
    <ClInclude Include="..\org\antlr\v4\runtime\WritableToken.h">
      <Filter>Header Files</Filter>
    </ClInclude>
    <ClInclude Include="..\org\antlr\v4\runtime\atn\AbstractPredicateTransition.h">
      <Filter>Header Files</Filter>
    </ClInclude>
    <ClInclude Include="..\org\antlr\v4\runtime\atn\ActionTransition.h">
      <Filter>Header Files</Filter>
    </ClInclude>
    <ClInclude Include="..\org\antlr\v4\runtime\atn\ArrayPredictionContext.h">
      <Filter>Header Files</Filter>
    </ClInclude>
    <ClInclude Include="..\org\antlr\v4\runtime\atn\ATN.h">
      <Filter>Header Files</Filter>
    </ClInclude>
    <ClInclude Include="..\org\antlr\v4\runtime\atn\ATNConfig.h">
      <Filter>Header Files</Filter>
    </ClInclude>
    <ClInclude Include="..\org\antlr\v4\runtime\atn\ATNConfigSet.h">
      <Filter>Header Files</Filter>
    </ClInclude>
    <ClInclude Include="..\org\antlr\v4\runtime\atn\ATNDeserializationOptions.h">
      <Filter>Header Files</Filter>
    </ClInclude>
    <ClInclude Include="..\org\antlr\v4\runtime\atn\ATNDeserializer.h">
      <Filter>Header Files</Filter>
    </ClInclude>
    <ClInclude Include="..\org\antlr\v4\runtime\atn\ATNSerializer.h">
      <Filter>Header Files</Filter>
    </ClInclude>
    <ClInclude Include="..\org\antlr\v4\runtime\atn\ATNSimulator.h">
      <Filter>Header Files</Filter>
    </ClInclude>
    <ClInclude Include="..\org\antlr\v4\runtime\atn\ATNState.h">
      <Filter>Header Files</Filter>
    </ClInclude>
    <ClInclude Include="..\org\antlr\v4\runtime\atn\ATNType.h">
      <Filter>Header Files</Filter>
    </ClInclude>
    <ClInclude Include="..\org\antlr\v4\runtime\atn\AtomTransition.h">
      <Filter>Header Files</Filter>
    </ClInclude>
    <ClInclude Include="..\org\antlr\v4\runtime\atn\BasicBlockStartState.h">
      <Filter>Header Files</Filter>
    </ClInclude>
    <ClInclude Include="..\org\antlr\v4\runtime\atn\BasicState.h">
      <Filter>Header Files</Filter>
    </ClInclude>
    <ClInclude Include="..\org\antlr\v4\runtime\atn\BlockEndState.h">
      <Filter>Header Files</Filter>
    </ClInclude>
    <ClInclude Include="..\org\antlr\v4\runtime\atn\BlockStartState.h">
      <Filter>Header Files</Filter>
    </ClInclude>
    <ClInclude Include="..\org\antlr\v4\runtime\atn\DecisionState.h">
      <Filter>Header Files</Filter>
    </ClInclude>
    <ClInclude Include="..\org\antlr\v4\runtime\atn\EmptyPredictionContext.h">
      <Filter>Header Files</Filter>
    </ClInclude>
    <ClInclude Include="..\org\antlr\v4\runtime\atn\EpsilonTransition.h">
      <Filter>Header Files</Filter>
    </ClInclude>
    <ClInclude Include="..\org\antlr\v4\runtime\atn\LexerATNConfig.h">
      <Filter>Header Files</Filter>
    </ClInclude>
    <ClInclude Include="..\org\antlr\v4\runtime\atn\LexerATNSimulator.h">
      <Filter>Header Files</Filter>
    </ClInclude>
    <ClInclude Include="..\org\antlr\v4\runtime\atn\LL1Analyzer.h">
      <Filter>Header Files</Filter>
    </ClInclude>
    <ClInclude Include="..\org\antlr\v4\runtime\atn\LoopEndState.h">
      <Filter>Header Files</Filter>
    </ClInclude>
    <ClInclude Include="..\org\antlr\v4\runtime\atn\NotSetTransition.h">
      <Filter>Header Files</Filter>
    </ClInclude>
    <ClInclude Include="..\org\antlr\v4\runtime\atn\OrderedATNConfigSet.h">
      <Filter>Header Files</Filter>
    </ClInclude>
    <ClInclude Include="..\org\antlr\v4\runtime\atn\ParserATNSimulator.h">
      <Filter>Header Files</Filter>
    </ClInclude>
    <ClInclude Include="..\org\antlr\v4\runtime\atn\PlusBlockStartState.h">
      <Filter>Header Files</Filter>
    </ClInclude>
    <ClInclude Include="..\org\antlr\v4\runtime\atn\PlusLoopbackState.h">
      <Filter>Header Files</Filter>
    </ClInclude>
    <ClInclude Include="..\org\antlr\v4\runtime\atn\PrecedencePredicateTransition.h">
      <Filter>Header Files</Filter>
    </ClInclude>
    <ClInclude Include="..\org\antlr\v4\runtime\atn\PredicateTransition.h">
      <Filter>Header Files</Filter>
    </ClInclude>
    <ClInclude Include="..\org\antlr\v4\runtime\atn\PredictionContext.h">
      <Filter>Header Files</Filter>
    </ClInclude>
    <ClInclude Include="..\org\antlr\v4\runtime\atn\PredictionContextCache.h">
      <Filter>Header Files</Filter>
    </ClInclude>
    <ClInclude Include="..\org\antlr\v4\runtime\atn\PredictionMode.h">
      <Filter>Header Files</Filter>
    </ClInclude>
    <ClInclude Include="..\org\antlr\v4\runtime\atn\RangeTransition.h">
      <Filter>Header Files</Filter>
    </ClInclude>
    <ClInclude Include="..\org\antlr\v4\runtime\atn\RuleStartState.h">
      <Filter>Header Files</Filter>
    </ClInclude>
    <ClInclude Include="..\org\antlr\v4\runtime\atn\RuleStopState.h">
      <Filter>Header Files</Filter>
    </ClInclude>
    <ClInclude Include="..\org\antlr\v4\runtime\atn\RuleTransition.h">
      <Filter>Header Files</Filter>
    </ClInclude>
    <ClInclude Include="..\org\antlr\v4\runtime\atn\SemanticContext.h">
      <Filter>Header Files</Filter>
    </ClInclude>
    <ClInclude Include="..\org\antlr\v4\runtime\atn\SetTransition.h">
      <Filter>Header Files</Filter>
    </ClInclude>
    <ClInclude Include="..\org\antlr\v4\runtime\atn\SingletonPredictionContext.h">
      <Filter>Header Files</Filter>
    </ClInclude>
    <ClInclude Include="..\org\antlr\v4\runtime\atn\StarBlockStartState.h">
      <Filter>Header Files</Filter>
    </ClInclude>
    <ClInclude Include="..\org\antlr\v4\runtime\atn\StarLoopbackState.h">
      <Filter>Header Files</Filter>
    </ClInclude>
    <ClInclude Include="..\org\antlr\v4\runtime\atn\StarLoopEntryState.h">
      <Filter>Header Files</Filter>
    </ClInclude>
    <ClInclude Include="..\org\antlr\v4\runtime\atn\TokensStartState.h">
      <Filter>Header Files</Filter>
    </ClInclude>
    <ClInclude Include="..\org\antlr\v4\runtime\atn\Transition.h">
      <Filter>Header Files</Filter>
    </ClInclude>
    <ClInclude Include="..\org\antlr\v4\runtime\atn\WildcardTransition.h">
      <Filter>Header Files</Filter>
    </ClInclude>
    <ClInclude Include="..\org\antlr\v4\runtime\dfa\DFA.h">
      <Filter>Header Files</Filter>
    </ClInclude>
    <ClInclude Include="..\org\antlr\v4\runtime\dfa\DFASerializer.h">
      <Filter>Header Files</Filter>
    </ClInclude>
    <ClInclude Include="..\org\antlr\v4\runtime\dfa\DFAState.h">
      <Filter>Header Files</Filter>
    </ClInclude>
    <ClInclude Include="..\org\antlr\v4\runtime\dfa\LexerDFASerializer.h">
      <Filter>Header Files</Filter>
    </ClInclude>
    <ClInclude Include="..\org\antlr\v4\runtime\misc\AbstractEqualityComparator.h">
      <Filter>Header Files</Filter>
    </ClInclude>
    <ClInclude Include="..\org\antlr\v4\runtime\misc\Array2DHashSet.h">
      <Filter>Header Files</Filter>
    </ClInclude>
    <ClInclude Include="..\org\antlr\v4\runtime\misc\DoubleKeyMap.h">
      <Filter>Header Files</Filter>
    </ClInclude>
    <ClInclude Include="..\org\antlr\v4\runtime\misc\EqualityComparator.h">
      <Filter>Header Files</Filter>
    </ClInclude>
    <ClInclude Include="..\org\antlr\v4\runtime\misc\GraphicsSupport.h">
      <Filter>Header Files</Filter>
    </ClInclude>
    <ClInclude Include="..\org\antlr\v4\runtime\misc\Interval.h">
      <Filter>Header Files</Filter>
    </ClInclude>
    <ClInclude Include="..\org\antlr\v4\runtime\misc\IntervalSet.h">
      <Filter>Header Files</Filter>
    </ClInclude>
    <ClInclude Include="..\org\antlr\v4\runtime\misc\IntSet.h">
      <Filter>Header Files</Filter>
    </ClInclude>
    <ClInclude Include="..\org\antlr\v4\runtime\misc\LogManager.h">
      <Filter>Header Files</Filter>
    </ClInclude>
    <ClInclude Include="..\org\antlr\v4\runtime\misc\MultiMap.h">
      <Filter>Header Files</Filter>
    </ClInclude>
    <ClInclude Include="..\org\antlr\v4\runtime\misc\MurmurHash.h">
      <Filter>Header Files</Filter>
    </ClInclude>
    <ClInclude Include="..\org\antlr\v4\runtime\misc\NotNull.h">
      <Filter>Header Files</Filter>
    </ClInclude>
    <ClInclude Include="..\org\antlr\v4\runtime\misc\ObjectEqualityComparator.h">
      <Filter>Header Files</Filter>
    </ClInclude>
    <ClInclude Include="..\org\antlr\v4\runtime\misc\OrderedHashSet.h">
      <Filter>Header Files</Filter>
    </ClInclude>
    <ClInclude Include="..\org\antlr\v4\runtime\misc\ParseCancellationException.h">
      <Filter>Header Files</Filter>
    </ClInclude>
    <ClInclude Include="..\org\antlr\v4\runtime\misc\TestRig.h">
      <Filter>Header Files</Filter>
    </ClInclude>
    <ClInclude Include="..\org\antlr\v4\runtime\misc\Utils.h">
      <Filter>Header Files</Filter>
    </ClInclude>
    <ClInclude Include="..\org\antlr\v4\runtime\tree\AbstractParseTreeVisitor.h">
      <Filter>Header Files</Filter>
    </ClInclude>
    <ClInclude Include="..\org\antlr\v4\runtime\tree\ErrorNode.h">
      <Filter>Header Files</Filter>
    </ClInclude>
    <ClInclude Include="..\org\antlr\v4\runtime\tree\ErrorNodeImpl.h">
      <Filter>Header Files</Filter>
    </ClInclude>
    <ClInclude Include="..\org\antlr\v4\runtime\tree\ParseTree.h">
      <Filter>Header Files</Filter>
    </ClInclude>
    <ClInclude Include="..\org\antlr\v4\runtime\tree\ParseTreeListener.h">
      <Filter>Header Files</Filter>
    </ClInclude>
    <ClInclude Include="..\org\antlr\v4\runtime\tree\ParseTreeProperty.h">
      <Filter>Header Files</Filter>
    </ClInclude>
    <ClInclude Include="..\org\antlr\v4\runtime\tree\ParseTreeVisitor.h">
      <Filter>Header Files</Filter>
    </ClInclude>
    <ClInclude Include="..\org\antlr\v4\runtime\tree\ParseTreeWalker.h">
      <Filter>Header Files</Filter>
    </ClInclude>
    <ClInclude Include="..\org\antlr\v4\runtime\tree\RuleNode.h">
      <Filter>Header Files</Filter>
    </ClInclude>
    <ClInclude Include="..\org\antlr\v4\runtime\tree\SyntaxTree.h">
      <Filter>Header Files</Filter>
    </ClInclude>
    <ClInclude Include="..\org\antlr\v4\runtime\tree\TerminalNode.h">
      <Filter>Header Files</Filter>
    </ClInclude>
    <ClInclude Include="..\org\antlr\v4\runtime\tree\TerminalNodeImpl.h">
      <Filter>Header Files</Filter>
    </ClInclude>
    <ClInclude Include="..\org\antlr\v4\runtime\tree\Tree.h">
      <Filter>Header Files</Filter>
    </ClInclude>
    <ClInclude Include="..\org\antlr\v4\runtime\tree\Trees.h">
      <Filter>Header Files</Filter>
    </ClInclude>
    <ClInclude Include="..\org\antlr\v4\runtime\tree\pattern\Chunk.h">
      <Filter>Header Files</Filter>
    </ClInclude>
    <ClInclude Include="..\org\antlr\v4\runtime\tree\pattern\ParseTreeMatch.h">
      <Filter>Header Files</Filter>
    </ClInclude>
    <ClInclude Include="..\org\antlr\v4\runtime\tree\pattern\ParseTreePattern.h">
      <Filter>Header Files</Filter>
    </ClInclude>
    <ClInclude Include="..\org\antlr\v4\runtime\tree\pattern\ParseTreePatternMatcher.h">
      <Filter>Header Files</Filter>
    </ClInclude>
    <ClInclude Include="..\org\antlr\v4\runtime\tree\pattern\RuleTagToken.h">
      <Filter>Header Files</Filter>
    </ClInclude>
    <ClInclude Include="..\org\antlr\v4\runtime\tree\pattern\TagChunk.h">
      <Filter>Header Files</Filter>
    </ClInclude>
    <ClInclude Include="..\org\antlr\v4\runtime\tree\pattern\TextChunk.h">
      <Filter>Header Files</Filter>
    </ClInclude>
    <ClInclude Include="..\org\antlr\v4\runtime\tree\pattern\TokenTagToken.h">
      <Filter>Header Files</Filter>
    </ClInclude>
    <ClInclude Include="..\org\antlr\v4\runtime\tree\xpath\XPath.h">
      <Filter>Header Files</Filter>
    </ClInclude>
    <ClInclude Include="..\org\antlr\v4\runtime\tree\xpath\XPathElement.h">
      <Filter>Header Files</Filter>
    </ClInclude>
    <ClInclude Include="..\org\antlr\v4\runtime\tree\xpath\XPathLexer.h">
      <Filter>Header Files</Filter>
    </ClInclude>
    <ClInclude Include="..\org\antlr\v4\runtime\tree\xpath\XPathLexerErrorListener.h">
      <Filter>Header Files</Filter>
    </ClInclude>
    <ClInclude Include="..\org\antlr\v4\runtime\tree\xpath\XPathRuleAnywhereElement.h">
      <Filter>Header Files</Filter>
    </ClInclude>
    <ClInclude Include="..\org\antlr\v4\runtime\tree\xpath\XPathRuleElement.h">
      <Filter>Header Files</Filter>
    </ClInclude>
    <ClInclude Include="..\org\antlr\v4\runtime\tree\xpath\XPathTokenAnywhereElement.h">
      <Filter>Header Files</Filter>
    </ClInclude>
    <ClInclude Include="..\org\antlr\v4\runtime\tree\xpath\XPathTokenElement.h">
      <Filter>Header Files</Filter>
    </ClInclude>
    <ClInclude Include="..\org\antlr\v4\runtime\tree\xpath\XPathWildcardAnywhereElement.h">
      <Filter>Header Files</Filter>
    </ClInclude>
    <ClInclude Include="..\org\antlr\v4\runtime\tree\xpath\XPathWildcardElement.h">
      <Filter>Header Files</Filter>
    </ClInclude>
    <ClInclude Include="..\antlrcpp\CPPUtils.h">
      <Filter>Header Files</Filter>
    </ClInclude>
    <ClInclude Include="..\antlrcpp\UUID.h">
      <Filter>Header Files</Filter>
    </ClInclude>
    <ClInclude Include="..\antlrcpp\Strings.h">
      <Filter>Header Files</Filter>
    </ClInclude>
    <ClInclude Include="..\antlrcpp\StringBuilder.h">
      <Filter>Header Files</Filter>
    </ClInclude>
    <ClInclude Include="..\antlrcpp\Arrays.h">
      <Filter>Header Files</Filter>
    </ClInclude>
  </ItemGroup>
  <ItemGroup>
    <None Include="..\org\antlr\v4\runtime\atn\Makefile" />
  </ItemGroup>
</Project>