
Microsoft Visual Studio Solution File, Format Version 12.00
# Visual Studio 2013
VisualStudioVersion = 12.0.30110.0
MinimumVisualStudioVersion = 10.0.40219.1
Project("{FAE04EC0-301F-11D3-BF4B-00C04F79EFBC}") = "Antlr4.Runtime.net45", "Antlr4.Runtime\Antlr4.Runtime.net45.csproj", "{E1D192DE-5347-48C4-A9F4-A8CBA2AF3869}"
EndProject
Project("{2150E333-8FDC-42A3-9474-1A3956D46DE8}") = "Solution Items", "Solution Items", "{47C0086D-577C-43DA-ADC7-544F27656E45}"
	ProjectSection(SolutionItems) = preProject
		..\..\CreatingTargets.md = ..\..\CreatingTargets.md
		..\..\tool\resources\org\antlr\v4\tool\templates\codegen\CSharp\CSharp.stg = ..\..\tool\resources\org\antlr\v4\tool\templates\codegen\CSharp\CSharp.stg
		..\..\tool\src\org\antlr\v4\codegen\CSharpTarget.java = ..\..\tool\src\org\antlr\v4\codegen\CSharpTarget.java
		..\..\tool\pom.xml = ..\..\tool\pom.xml
		..\..\Readme.md = ..\..\Readme.md
		..\..\reference\sharpen-all-options.txt = ..\..\reference\sharpen-all-options.txt
		..\..\reference\sharpen.md = ..\..\reference\sharpen.md
	EndProjectSection
EndProject
Project("{FAE04EC0-301F-11D3-BF4B-00C04F79EFBC}") = "Antlr4.Runtime.Test.net45", "Antlr4.Runtime.Test\Antlr4.Runtime.Test.net45.csproj", "{9D8C43DF-71F9-4CC9-83AD-A39FAEBCECA0}"
EndProject
Project("{FAE04EC0-301F-11D3-BF4B-00C04F79EFBC}") = "Antlr4BuildTasks.net40", "Antlr4BuildTasks\Antlr4BuildTasks.net40.csproj", "{F63DFE80-AE1F-47A6-A31A-E39DA4C837BA}"
EndProject
Project("{FAE04EC0-301F-11D3-BF4B-00C04F79EFBC}") = "Antlr4.Runtime.net40-client", "Antlr4.Runtime\Antlr4.Runtime.net40-client.csproj", "{423978DF-85A4-409E-A16C-453683FE3969}"
EndProject
Project("{FAE04EC0-301F-11D3-BF4B-00C04F79EFBC}") = "Antlr4.Runtime.net35-client", "Antlr4.Runtime\Antlr4.Runtime.net35-client.csproj", "{E186FDA3-1411-47EE-94C7-9F3745F0474B}"
EndProject
Project("{FAE04EC0-301F-11D3-BF4B-00C04F79EFBC}") = "Antlr4.Runtime.net30", "Antlr4.Runtime\Antlr4.Runtime.net30.csproj", "{EBBDCC35-43CC-416C-860B-9FC115F1EB42}"
EndProject
Project("{FAE04EC0-301F-11D3-BF4B-00C04F79EFBC}") = "Antlr4.Runtime.net20", "Antlr4.Runtime\Antlr4.Runtime.net20.csproj", "{E1A46D9D-66CB-46E8-93B0-7FC87299ABEF}"
EndProject
Project("{FAE04EC0-301F-11D3-BF4B-00C04F79EFBC}") = "Antlr4.Runtime.Test.net40-client", "Antlr4.Runtime.Test\Antlr4.Runtime.Test.net40-client.csproj", "{706D364A-CD4E-4720-B94C-0DB82AF7B433}"
EndProject
Project("{FAE04EC0-301F-11D3-BF4B-00C04F79EFBC}") = "Antlr4.Runtime.Test.net35-client", "Antlr4.Runtime.Test\Antlr4.Runtime.Test.net35-client.csproj", "{C4A38390-8AA3-45AE-9A70-C392146B37D0}"
EndProject
Project("{FAE04EC0-301F-11D3-BF4B-00C04F79EFBC}") = "Antlr4.Runtime.Test.net30", "Antlr4.Runtime.Test\Antlr4.Runtime.Test.net30.csproj", "{8A2F2331-A4A5-4C7F-8D5D-DEECEF54AEA7}"
EndProject
Project("{FAE04EC0-301F-11D3-BF4B-00C04F79EFBC}") = "Antlr4.Runtime.Test.net20", "Antlr4.Runtime.Test\Antlr4.Runtime.Test.net20.csproj", "{0A4681C4-1248-4ACD-B59F-D6CC17CC2B4C}"
EndProject
Project("{FAE04EC0-301F-11D3-BF4B-00C04F79EFBC}") = "Antlr4.Runtime.portable-net40", "Antlr4.Runtime\Antlr4.Runtime.portable-net40.csproj", "{06C182C5-095C-4D43-9C33-C87E305C6BC2}"
EndProject
Project("{FAE04EC0-301F-11D3-BF4B-00C04F79EFBC}") = "Antlr4.Runtime.Test.portable-net40", "Antlr4.Runtime.Test\Antlr4.Runtime.Test.portable-net40.csproj", "{97C32E42-51B2-4A29-B005-769B63CFEFCA}"
EndProject
Project("{FAE04EC0-301F-11D3-BF4B-00C04F79EFBC}") = "Antlr4BuildTasks.net35", "Antlr4BuildTasks\Antlr4BuildTasks.net35.csproj", "{0D3D20E9-3341-4449-80E7-76A4534F0E55}"
EndProject
Project("{2150E333-8FDC-42A3-9474-1A3956D46DE8}") = "build", "build", "{4CE79A54-058D-4940-875E-7F6AA9922A7D}"
	ProjectSection(SolutionItems) = preProject
		..\..\build\Antlr4.nuspec = ..\..\build\Antlr4.nuspec
		..\..\build\Antlr4.Runtime.nuspec = ..\..\build\Antlr4.Runtime.nuspec
		..\..\build\Antlr4.VS2008.nuspec = ..\..\build\Antlr4.VS2008.nuspec
		..\..\build\build.ps1 = ..\..\build\build.ps1
		..\..\build\check-key.ps1 = ..\..\build\check-key.ps1
		build\KeyReporting.targets = build\KeyReporting.targets
		..\..\build\keys.ps1 = ..\..\build\keys.ps1
		..\..\build\push.ps1 = ..\..\build\push.ps1
		..\..\build\version.ps1 = ..\..\build\version.ps1
	EndProjectSection
EndProject
Project("{FAE04EC0-301F-11D3-BF4B-00C04F79EFBC}") = "Antlr4.Runtime.portable-net45", "Antlr4.Runtime\Antlr4.Runtime.portable-net45.csproj", "{12269283-EE92-4FAA-B849-53CD24F341FA}"
EndProject
Project("{FAE04EC0-301F-11D3-BF4B-00C04F79EFBC}") = "Antlr4.Runtime.Test.portable-net45", "Antlr4.Runtime.Test\Antlr4.Runtime.Test.portable-net45.csproj", "{5844076E-3C92-4122-BB7A-0D745C3F5334}"
EndProject
Project("{FAE04EC0-301F-11D3-BF4B-00C04F79EFBC}") = "Antlr4.Runtime.netcore45", "Antlr4.Runtime\Antlr4.Runtime.netcore45.csproj", "{F3145DCA-EA26-4482-80D6-5232A79E2A3A}"
EndProject
Global
	GlobalSection(SolutionConfigurationPlatforms) = preSolution
		Debug|Any CPU = Debug|Any CPU
		Release|Any CPU = Release|Any CPU
	EndGlobalSection
	GlobalSection(ProjectConfigurationPlatforms) = postSolution
		{E1D192DE-5347-48C4-A9F4-A8CBA2AF3869}.Debug|Any CPU.ActiveCfg = Debug|Any CPU
		{E1D192DE-5347-48C4-A9F4-A8CBA2AF3869}.Debug|Any CPU.Build.0 = Debug|Any CPU
		{E1D192DE-5347-48C4-A9F4-A8CBA2AF3869}.Release|Any CPU.ActiveCfg = Release|Any CPU
		{E1D192DE-5347-48C4-A9F4-A8CBA2AF3869}.Release|Any CPU.Build.0 = Release|Any CPU
		{9D8C43DF-71F9-4CC9-83AD-A39FAEBCECA0}.Debug|Any CPU.ActiveCfg = Debug|Any CPU
		{9D8C43DF-71F9-4CC9-83AD-A39FAEBCECA0}.Debug|Any CPU.Build.0 = Debug|Any CPU
		{9D8C43DF-71F9-4CC9-83AD-A39FAEBCECA0}.Release|Any CPU.ActiveCfg = Release|Any CPU
		{9D8C43DF-71F9-4CC9-83AD-A39FAEBCECA0}.Release|Any CPU.Build.0 = Release|Any CPU
		{F63DFE80-AE1F-47A6-A31A-E39DA4C837BA}.Debug|Any CPU.ActiveCfg = Debug|Any CPU
		{F63DFE80-AE1F-47A6-A31A-E39DA4C837BA}.Debug|Any CPU.Build.0 = Debug|Any CPU
		{F63DFE80-AE1F-47A6-A31A-E39DA4C837BA}.Release|Any CPU.ActiveCfg = Release|Any CPU
		{F63DFE80-AE1F-47A6-A31A-E39DA4C837BA}.Release|Any CPU.Build.0 = Release|Any CPU
		{423978DF-85A4-409E-A16C-453683FE3969}.Debug|Any CPU.ActiveCfg = Debug|Any CPU
		{423978DF-85A4-409E-A16C-453683FE3969}.Debug|Any CPU.Build.0 = Debug|Any CPU
		{423978DF-85A4-409E-A16C-453683FE3969}.Release|Any CPU.ActiveCfg = Release|Any CPU
		{423978DF-85A4-409E-A16C-453683FE3969}.Release|Any CPU.Build.0 = Release|Any CPU
		{E186FDA3-1411-47EE-94C7-9F3745F0474B}.Debug|Any CPU.ActiveCfg = Debug|Any CPU
		{E186FDA3-1411-47EE-94C7-9F3745F0474B}.Debug|Any CPU.Build.0 = Debug|Any CPU
		{E186FDA3-1411-47EE-94C7-9F3745F0474B}.Release|Any CPU.ActiveCfg = Release|Any CPU
		{E186FDA3-1411-47EE-94C7-9F3745F0474B}.Release|Any CPU.Build.0 = Release|Any CPU
		{EBBDCC35-43CC-416C-860B-9FC115F1EB42}.Debug|Any CPU.ActiveCfg = Debug|Any CPU
		{EBBDCC35-43CC-416C-860B-9FC115F1EB42}.Debug|Any CPU.Build.0 = Debug|Any CPU
		{EBBDCC35-43CC-416C-860B-9FC115F1EB42}.Release|Any CPU.ActiveCfg = Release|Any CPU
		{EBBDCC35-43CC-416C-860B-9FC115F1EB42}.Release|Any CPU.Build.0 = Release|Any CPU
		{E1A46D9D-66CB-46E8-93B0-7FC87299ABEF}.Debug|Any CPU.ActiveCfg = Debug|Any CPU
		{E1A46D9D-66CB-46E8-93B0-7FC87299ABEF}.Debug|Any CPU.Build.0 = Debug|Any CPU
		{E1A46D9D-66CB-46E8-93B0-7FC87299ABEF}.Release|Any CPU.ActiveCfg = Release|Any CPU
		{E1A46D9D-66CB-46E8-93B0-7FC87299ABEF}.Release|Any CPU.Build.0 = Release|Any CPU
		{706D364A-CD4E-4720-B94C-0DB82AF7B433}.Debug|Any CPU.ActiveCfg = Debug|Any CPU
		{706D364A-CD4E-4720-B94C-0DB82AF7B433}.Debug|Any CPU.Build.0 = Debug|Any CPU
		{706D364A-CD4E-4720-B94C-0DB82AF7B433}.Release|Any CPU.ActiveCfg = Release|Any CPU
		{706D364A-CD4E-4720-B94C-0DB82AF7B433}.Release|Any CPU.Build.0 = Release|Any CPU
		{C4A38390-8AA3-45AE-9A70-C392146B37D0}.Debug|Any CPU.ActiveCfg = Debug|Any CPU
		{C4A38390-8AA3-45AE-9A70-C392146B37D0}.Debug|Any CPU.Build.0 = Debug|Any CPU
		{C4A38390-8AA3-45AE-9A70-C392146B37D0}.Release|Any CPU.ActiveCfg = Release|Any CPU
		{C4A38390-8AA3-45AE-9A70-C392146B37D0}.Release|Any CPU.Build.0 = Release|Any CPU
		{8A2F2331-A4A5-4C7F-8D5D-DEECEF54AEA7}.Debug|Any CPU.ActiveCfg = Debug|Any CPU
		{8A2F2331-A4A5-4C7F-8D5D-DEECEF54AEA7}.Debug|Any CPU.Build.0 = Debug|Any CPU
		{8A2F2331-A4A5-4C7F-8D5D-DEECEF54AEA7}.Release|Any CPU.ActiveCfg = Release|Any CPU
		{8A2F2331-A4A5-4C7F-8D5D-DEECEF54AEA7}.Release|Any CPU.Build.0 = Release|Any CPU
		{0A4681C4-1248-4ACD-B59F-D6CC17CC2B4C}.Debug|Any CPU.ActiveCfg = Debug|Any CPU
		{0A4681C4-1248-4ACD-B59F-D6CC17CC2B4C}.Debug|Any CPU.Build.0 = Debug|Any CPU
		{0A4681C4-1248-4ACD-B59F-D6CC17CC2B4C}.Release|Any CPU.ActiveCfg = Release|Any CPU
		{0A4681C4-1248-4ACD-B59F-D6CC17CC2B4C}.Release|Any CPU.Build.0 = Release|Any CPU
		{06C182C5-095C-4D43-9C33-C87E305C6BC2}.Debug|Any CPU.ActiveCfg = Debug|Any CPU
		{06C182C5-095C-4D43-9C33-C87E305C6BC2}.Debug|Any CPU.Build.0 = Debug|Any CPU
		{06C182C5-095C-4D43-9C33-C87E305C6BC2}.Release|Any CPU.ActiveCfg = Release|Any CPU
		{06C182C5-095C-4D43-9C33-C87E305C6BC2}.Release|Any CPU.Build.0 = Release|Any CPU
		{97C32E42-51B2-4A29-B005-769B63CFEFCA}.Debug|Any CPU.ActiveCfg = Debug|Any CPU
		{97C32E42-51B2-4A29-B005-769B63CFEFCA}.Debug|Any CPU.Build.0 = Debug|Any CPU
		{97C32E42-51B2-4A29-B005-769B63CFEFCA}.Release|Any CPU.ActiveCfg = Release|Any CPU
		{97C32E42-51B2-4A29-B005-769B63CFEFCA}.Release|Any CPU.Build.0 = Release|Any CPU
		{0D3D20E9-3341-4449-80E7-76A4534F0E55}.Debug|Any CPU.ActiveCfg = Debug|Any CPU
		{0D3D20E9-3341-4449-80E7-76A4534F0E55}.Debug|Any CPU.Build.0 = Debug|Any CPU
		{0D3D20E9-3341-4449-80E7-76A4534F0E55}.Release|Any CPU.ActiveCfg = Release|Any CPU
		{0D3D20E9-3341-4449-80E7-76A4534F0E55}.Release|Any CPU.Build.0 = Release|Any CPU
		{12269283-EE92-4FAA-B849-53CD24F341FA}.Debug|Any CPU.ActiveCfg = Debug|Any CPU
		{12269283-EE92-4FAA-B849-53CD24F341FA}.Debug|Any CPU.Build.0 = Debug|Any CPU
		{12269283-EE92-4FAA-B849-53CD24F341FA}.Release|Any CPU.ActiveCfg = Release|Any CPU
		{12269283-EE92-4FAA-B849-53CD24F341FA}.Release|Any CPU.Build.0 = Release|Any CPU
		{5844076E-3C92-4122-BB7A-0D745C3F5334}.Debug|Any CPU.ActiveCfg = Debug|Any CPU
		{5844076E-3C92-4122-BB7A-0D745C3F5334}.Debug|Any CPU.Build.0 = Debug|Any CPU
		{5844076E-3C92-4122-BB7A-0D745C3F5334}.Release|Any CPU.ActiveCfg = Release|Any CPU
		{5844076E-3C92-4122-BB7A-0D745C3F5334}.Release|Any CPU.Build.0 = Release|Any CPU
		{F3145DCA-EA26-4482-80D6-5232A79E2A3A}.Debug|Any CPU.ActiveCfg = Debug|Any CPU
		{F3145DCA-EA26-4482-80D6-5232A79E2A3A}.Debug|Any CPU.Build.0 = Debug|Any CPU
		{F3145DCA-EA26-4482-80D6-5232A79E2A3A}.Release|Any CPU.ActiveCfg = Release|Any CPU
		{F3145DCA-EA26-4482-80D6-5232A79E2A3A}.Release|Any CPU.Build.0 = Release|Any CPU
	EndGlobalSection
	GlobalSection(SolutionProperties) = preSolution
		HideSolutionNode = FALSE
	EndGlobalSection
	GlobalSection(NestedProjects) = preSolution
		{4CE79A54-058D-4940-875E-7F6AA9922A7D} = {47C0086D-577C-43DA-ADC7-544F27656E45}
	EndGlobalSection
EndGlobal
