github.com/pyroscope-io/client v0.6.0 h1:rcUFgcnfmuyVYDYT+4d0zfqc8YedOyruHSsUb9ImaBw=
github.com/pyroscope-io/client v0.6.0/go.mod h1:4h21iOU4pUOq0prKyDlvYRL+SCKsBc5wKiEtV+rJGqU=
github.com/pyroscope-io/godeltaprof v0.1.0 h1:UBqtjt0yZi4jTxqZmLAs34XG6ycS3vUTlhEUSq4NHLE=
github.com/pyroscope-io/godeltaprof v0.1.0/go.mod h1:psMITXp90+8pFenXkKIpNhrfmI9saQnPbba27VIaiQE=
golang.org/x/exp v0.0.0-20220722155223-a9213eeb770e h1:+WEEuIdZHnUeJJmEUjyYC2gfUMj69yZXw17EnHg/otA=
golang.org/x/exp v0.0.0-20220722155223-a9213eeb770e/go.mod h1:Kr81I6Kryrl9sr8s2FK3vxD90NdsKWRuOIl2O4CvYbA=
